
Microsoft Visual Studio Solution File, Format Version 12.00
# Visual Studio Version 17
VisualStudioVersion = 17.7.34202.233
MinimumVisualStudioVersion = 10.0.40219.1
Project("{FAE04EC0-301F-11D3-BF4B-00C04F79EFBC}") = "Social Ladder", "Social Ladder.csproj", "{5760EEFF-2035-43BF-B76C-6166DB76ABAD}"
EndProject
Global
	GlobalSection(SolutionConfigurationPlatforms) = preSolution
		Debug|Any CPU = Debug|Any CPU
		Release|Any CPU = Release|Any CPU
	EndGlobalSection
	GlobalSection(ProjectConfigurationPlatforms) = postSolution
		{5760EEFF-2035-43BF-B76C-6166DB76ABAD}.Debug|Any CPU.ActiveCfg = Debug|Any CPU
		{5760EEFF-2035-43BF-B76C-6166DB76ABAD}.Debug|Any CPU.Build.0 = Debug|Any CPU
		{5760EEFF-2035-43BF-B76C-6166DB76ABAD}.Debug|Any CPU.Deploy.0 = Debug|Any CPU
		{5760EEFF-2035-43BF-B76C-6166DB76ABAD}.Release|Any CPU.ActiveCfg = Release|Any CPU
		{5760EEFF-2035-43BF-B76C-6166DB76ABAD}.Release|Any CPU.Build.0 = Release|Any CPU
		{5760EEFF-2035-43BF-B76C-6166DB76ABAD}.Release|Any CPU.Deploy.0 = Release|Any CPU
	EndGlobalSection
	GlobalSection(SolutionProperties) = preSolution
		HideSolutionNode = FALSE
	EndGlobalSection
	GlobalSection(ExtensibilityGlobals) = postSolution
		SolutionGuid = {1CC6F664-7EA2-4D07-9AB6-D0D85303A2F8}
	EndGlobalSection
EndGlobal
